{
  "object": {
    "pins": [
      {
        "package": "CairoSVG",
        "repositoryURL": "https://github.com/BrightDigit/CairoSVG",
        "state": {
          "branch": null,
          "revision": "3fe765093806b912a37b5e16a3a5aeeb1e7ee962",
          "version": "0.1.4"
        }
      },
      {
        "package": "swift-argument-parser",
        "repositoryURL": "https://github.com/apple/swift-argument-parser",
        "state": {
          "branch": null,
          "revision": "eb51f949cdd0c9d88abba9ce79d37eb7ea1231d0",
          "version": "0.2.0"
        }
      }
    ]
  },
  "version": 1
}
